
Microsoft Visual Studio Solution File, Format Version 12.00
# Visual Studio Version 16
VisualStudioVersion = 16.0.29827.131
MinimumVisualStudioVersion = 10.0.40219.1
Project("{F184B08F-C81C-45F6-A57F-5ABD9991F28F}") = "Calc pt2", "Calc pt2.vbproj", "{46AA7E37-2569-4934-9F8D-96093BDFF35D}"
EndProject
Global
	GlobalSection(SolutionConfigurationPlatforms) = preSolution
		Debug|Any CPU = Debug|Any CPU
		Release|Any CPU = Release|Any CPU
	EndGlobalSection
	GlobalSection(ProjectConfigurationPlatforms) = postSolution
		{46AA7E37-2569-4934-9F8D-96093BDFF35D}.Debug|Any CPU.ActiveCfg = Debug|Any CPU
		{46AA7E37-2569-4934-9F8D-96093BDFF35D}.Debug|Any CPU.Build.0 = Debug|Any CPU
		{46AA7E37-2569-4934-9F8D-96093BDFF35D}.Release|Any CPU.ActiveCfg = Release|Any CPU
		{46AA7E37-2569-4934-9F8D-96093BDFF35D}.Release|Any CPU.Build.0 = Release|Any CPU
	EndGlobalSection
	GlobalSection(SolutionProperties) = preSolution
		HideSolutionNode = FALSE
	EndGlobalSection
	GlobalSection(ExtensibilityGlobals) = postSolution
		SolutionGuid = {1C35E5DD-6C87-4AEB-9688-04A7E1453A81}
	EndGlobalSection
EndGlobal
